// !$*UTF8*$!
{
	archiveVersion = 1;
	classes = {
	};
	objectVersion = 56;
	objects = {

/* Begin PBXBuildFile section */
		C502F9F92CCDAF6D006F9D1B /* Fitness_Trainer_AppApp.swift in Sources */ = {isa = PBXBuildFile; fileRef = C502F9F82CCDAF6D006F9D1B /* Fitness_Trainer_AppApp.swift */; };
		C502F9FB2CCDAF6D006F9D1B /* CameraView.swift in Sources */ = {isa = PBXBuildFile; fileRef = C502F9FA2CCDAF6D006F9D1B /* CameraView.swift */; };
		C502F9FD2CCDAF6E006F9D1B /* Assets.xcassets in Resources */ = {isa = PBXBuildFile; fileRef = C502F9FC2CCDAF6E006F9D1B /* Assets.xcassets */; };
		C502FA002CCDAF6E006F9D1B /* Preview Assets.xcassets in Resources */ = {isa = PBXBuildFile; fileRef = C502F9FF2CCDAF6E006F9D1B /* Preview Assets.xcassets */; };
		C59D79412CCE8D1E007D8AC8 /* CoreMLManager.swift in Sources */ = {isa = PBXBuildFile; fileRef = C59D79402CCE8D1E007D8AC8 /* CoreMLManager.swift */; };
		C5F70D532CCFE30200B3491A /* cpmmodel.mlmodel in Sources */ = {isa = PBXBuildFile; fileRef = C5F70D522CCFE30200B3491A /* cpmmodel.mlmodel */; };
		C5F70D5F2CCFF94E00B3491A /* UIImage+CVPixelBuffer.swift in Sources */ = {isa = PBXBuildFile; fileRef = C5F70D5D2CCFF94E00B3491A /* UIImage+CVPixelBuffer.swift */; };
		C5F70D602CCFF94E00B3491A /* HeatmapPostProcessor.swift in Sources */ = {isa = PBXBuildFile; fileRef = C5F70D5B2CCFF94E00B3491A /* HeatmapPostProcessor.swift */; };
		C5F70D612CCFF94E00B3491A /* MovingAverageFilter.swift in Sources */ = {isa = PBXBuildFile; fileRef = C5F70D5C2CCFF94E00B3491A /* MovingAverageFilter.swift */; };
		C5F70D622CCFF94E00B3491A /* PredictedPoint.swift in Sources */ = {isa = PBXBuildFile; fileRef = C5F70D5A2CCFF94E00B3491A /* PredictedPoint.swift */; };
		C5F70D642CCFFB1E00B3491A /* DrawingJointView.swift in Sources */ = {isa = PBXBuildFile; fileRef = C5F70D632CCFFB1E00B3491A /* DrawingJointView.swift */; };
/* End PBXBuildFile section */

/* Begin PBXFileReference section */
		C502F9F52CCDAF6D006F9D1B /* Fitness Trainer App.app */ = {isa = PBXFileReference; explicitFileType = wrapper.application; includeInIndex = 0; path = "Fitness Trainer App.app"; sourceTree = BUILT_PRODUCTS_DIR; };
		C502F9F82CCDAF6D006F9D1B /* Fitness_Trainer_AppApp.swift */ = {isa = PBXFileReference; lastKnownFileType = sourcecode.swift; path = Fitness_Trainer_AppApp.swift; sourceTree = "<group>"; };
		C502F9FA2CCDAF6D006F9D1B /* CameraView.swift */ = {isa = PBXFileReference; lastKnownFileType = sourcecode.swift; path = CameraView.swift; sourceTree = "<group>"; };
		C502F9FC2CCDAF6E006F9D1B /* Assets.xcassets */ = {isa = PBXFileReference; lastKnownFileType = folder.assetcatalog; path = Assets.xcassets; sourceTree = "<group>"; };
		C502F9FF2CCDAF6E006F9D1B /* Preview Assets.xcassets */ = {isa = PBXFileReference; lastKnownFileType = folder.assetcatalog; path = "Preview Assets.xcassets"; sourceTree = "<group>"; };
		C59D79402CCE8D1E007D8AC8 /* CoreMLManager.swift */ = {isa = PBXFileReference; lastKnownFileType = sourcecode.swift; path = CoreMLManager.swift; sourceTree = "<group>"; };
		C5F70D522CCFE30200B3491A /* cpmmodel.mlmodel */ = {isa = PBXFileReference; lastKnownFileType = file.mlmodel; path = cpmmodel.mlmodel; sourceTree = "<group>"; };
		C5F70D5A2CCFF94E00B3491A /* PredictedPoint.swift */ = {isa = PBXFileReference; lastKnownFileType = sourcecode.swift; path = PredictedPoint.swift; sourceTree = "<group>"; };
		C5F70D5B2CCFF94E00B3491A /* HeatmapPostProcessor.swift */ = {isa = PBXFileReference; lastKnownFileType = sourcecode.swift; path = HeatmapPostProcessor.swift; sourceTree = "<group>"; };
		C5F70D5C2CCFF94E00B3491A /* MovingAverageFilter.swift */ = {isa = PBXFileReference; lastKnownFileType = sourcecode.swift; path = MovingAverageFilter.swift; sourceTree = "<group>"; };
		C5F70D5D2CCFF94E00B3491A /* UIImage+CVPixelBuffer.swift */ = {isa = PBXFileReference; lastKnownFileType = sourcecode.swift; path = "UIImage+CVPixelBuffer.swift"; sourceTree = "<group>"; };
		C5F70D632CCFFB1E00B3491A /* DrawingJointView.swift */ = {isa = PBXFileReference; lastKnownFileType = sourcecode.swift; path = DrawingJointView.swift; sourceTree = "<group>"; };
/* End PBXFileReference section */

/* Begin PBXFrameworksBuildPhase section */
		C502F9F22CCDAF6D006F9D1B /* Frameworks */ = {
			isa = PBXFrameworksBuildPhase;
			buildActionMask = 2147483647;
			files = (
			);
			runOnlyForDeploymentPostprocessing = 0;
		};
/* End PBXFrameworksBuildPhase section */

/* Begin PBXGroup section */
		C502F9EC2CCDAF6D006F9D1B = {
			isa = PBXGroup;
			children = (
				C502F9F72CCDAF6D006F9D1B /* Fitness Trainer App */,
				C502F9F62CCDAF6D006F9D1B /* Products */,
			);
			sourceTree = "<group>";
		};
		C502F9F62CCDAF6D006F9D1B /* Products */ = {
			isa = PBXGroup;
			children = (
				C502F9F52CCDAF6D006F9D1B /* Fitness Trainer App.app */,
			);
			name = Products;
			sourceTree = "<group>";
		};
		C502F9F72CCDAF6D006F9D1B /* Fitness Trainer App */ = {
			isa = PBXGroup;
			children = (
				C59D79402CCE8D1E007D8AC8 /* CoreMLManager.swift */,
				C502F9F82CCDAF6D006F9D1B /* Fitness_Trainer_AppApp.swift */,
				C502F9FA2CCDAF6D006F9D1B /* CameraView.swift */,
				C5F70D632CCFFB1E00B3491A /* DrawingJointView.swift */,
				C502F9FC2CCDAF6E006F9D1B /* Assets.xcassets */,
				C5F70D522CCFE30200B3491A /* cpmmodel.mlmodel */,
				C5F70D5E2CCFF94E00B3491A /* Common */,
				C502F9FE2CCDAF6E006F9D1B /* Preview Content */,
			);
			path = "Fitness Trainer App";
			sourceTree = "<group>";
		};
		C502F9FE2CCDAF6E006F9D1B /* Preview Content */ = {
			isa = PBXGroup;
			children = (
				C502F9FF2CCDAF6E006F9D1B /* Preview Assets.xcassets */,
			);
			path = "Preview Content";
			sourceTree = "<group>";
		};
		C5F70D5E2CCFF94E00B3491A /* Common */ = {
			isa = PBXGroup;
			children = (
				C5F70D5A2CCFF94E00B3491A /* PredictedPoint.swift */,
				C5F70D5B2CCFF94E00B3491A /* HeatmapPostProcessor.swift */,
				C5F70D5C2CCFF94E00B3491A /* MovingAverageFilter.swift */,
				C5F70D5D2CCFF94E00B3491A /* UIImage+CVPixelBuffer.swift */,
			);
			path = Common;
			sourceTree = "<group>";
		};
/* End PBXGroup section */

/* Begin PBXNativeTarget section */
		C502F9F42CCDAF6D006F9D1B /* Fitness Trainer App */ = {
			isa = PBXNativeTarget;
			buildConfigurationList = C502FA032CCDAF6E006F9D1B /* Build configuration list for PBXNativeTarget "Fitness Trainer App" */;
			buildPhases = (
				C502F9F12CCDAF6D006F9D1B /* Sources */,
				C502F9F22CCDAF6D006F9D1B /* Frameworks */,
				C502F9F32CCDAF6D006F9D1B /* Resources */,
			);
			buildRules = (
			);
			dependencies = (
			);
			name = "Fitness Trainer App";
			productName = "Fitness Trainer App";
			productReference = C502F9F52CCDAF6D006F9D1B /* Fitness Trainer App.app */;
			productType = "com.apple.product-type.application";
		};
/* End PBXNativeTarget section */

/* Begin PBXProject section */
		C502F9ED2CCDAF6D006F9D1B /* Project object */ = {
			isa = PBXProject;
			attributes = {
				BuildIndependentTargetsInParallel = 1;
				LastSwiftUpdateCheck = 1430;
				LastUpgradeCheck = 1430;
				TargetAttributes = {
					C502F9F42CCDAF6D006F9D1B = {
						CreatedOnToolsVersion = 14.3;
					};
				};
			};
			buildConfigurationList = C502F9F02CCDAF6D006F9D1B /* Build configuration list for PBXProject "Fitness Trainer App" */;
			compatibilityVersion = "Xcode 14.0";
			developmentRegion = en;
			hasScannedForEncodings = 0;
			knownRegions = (
				en,
				Base,
			);
			mainGroup = C502F9EC2CCDAF6D006F9D1B;
			productRefGroup = C502F9F62CCDAF6D006F9D1B /* Products */;
			projectDirPath = "";
			projectRoot = "";
			targets = (
				C502F9F42CCDAF6D006F9D1B /* Fitness Trainer App */,
			);
		};
/* End PBXProject section */

/* Begin PBXResourcesBuildPhase section */
		C502F9F32CCDAF6D006F9D1B /* Resources */ = {
			isa = PBXResourcesBuildPhase;
			buildActionMask = 2147483647;
			files = (
				C502FA002CCDAF6E006F9D1B /* Preview Assets.xcassets in Resources */,
				C502F9FD2CCDAF6E006F9D1B /* Assets.xcassets in Resources */,
			);
			runOnlyForDeploymentPostprocessing = 0;
		};
/* End PBXResourcesBuildPhase section */

/* Begin PBXSourcesBuildPhase section */
		C502F9F12CCDAF6D006F9D1B /* Sources */ = {
			isa = PBXSourcesBuildPhase;
			buildActionMask = 2147483647;
			files = (
				C5F70D5F2CCFF94E00B3491A /* UIImage+CVPixelBuffer.swift in Sources */,
				C5F70D602CCFF94E00B3491A /* HeatmapPostProcessor.swift in Sources */,
				C5F70D612CCFF94E00B3491A /* MovingAverageFilter.swift in Sources */,
				C5F70D622CCFF94E00B3491A /* PredictedPoint.swift in Sources */,
				C5F70D532CCFE30200B3491A /* cpmmodel.mlmodel in Sources */,
				C5F70D642CCFFB1E00B3491A /* DrawingJointView.swift in Sources */,
				C59D79412CCE8D1E007D8AC8 /* CoreMLManager.swift in Sources */,
				C502F9FB2CCDAF6D006F9D1B /* CameraView.swift in Sources */,
				C502F9F92CCDAF6D006F9D1B /* Fitness_Trainer_AppApp.swift in Sources */,
			);
			runOnlyForDeploymentPostprocessing = 0;
		};
/* End PBXSourcesBuildPhase section */

/* Begin XCBuildConfiguration section */
		C502FA012CCDAF6E006F9D1B /* Debug */ = {
			isa = XCBuildConfiguration;
			buildSettings = {
				ALWAYS_SEARCH_USER_PATHS = NO;
				CLANG_ANALYZER_NONNULL = YES;
				CLANG_ANALYZER_NUMBER_OBJECT_CONVERSION = YES_AGGRESSIVE;
				CLANG_CXX_LANGUAGE_STANDARD = "gnu++20";
				CLANG_ENABLE_MODULES = YES;
				CLANG_ENABLE_OBJC_ARC = YES;
				CLANG_ENABLE_OBJC_WEAK = YES;
				CLANG_WARN_BLOCK_CAPTURE_AUTORELEASING = YES;
				CLANG_WARN_BOOL_CONVERSION = YES;
				CLANG_WARN_COMMA = YES;
				CLANG_WARN_CONSTANT_CONVERSION = YES;
				CLANG_WARN_DEPRECATED_OBJC_IMPLEMENTATIONS = YES;
				CLANG_WARN_DIRECT_OBJC_ISA_USAGE = YES_ERROR;
				CLANG_WARN_DOCUMENTATION_COMMENTS = YES;
				CLANG_WARN_EMPTY_BODY = YES;
				CLANG_WARN_ENUM_CONVERSION = YES;
				CLANG_WARN_INFINITE_RECURSION = YES;
				CLANG_WARN_INT_CONVERSION = YES;
				CLANG_WARN_NON_LITERAL_NULL_CONVERSION = YES;
				CLANG_WARN_OBJC_IMPLICIT_RETAIN_SELF = YES;
				CLANG_WARN_OBJC_LITERAL_CONVERSION = YES;
				CLANG_WARN_OBJC_ROOT_CLASS = YES_ERROR;
				CLANG_WARN_QUOTED_INCLUDE_IN_FRAMEWORK_HEADER = YES;
				CLANG_WARN_RANGE_LOOP_ANALYSIS = YES;
				CLANG_WARN_STRICT_PROTOTYPES = YES;
				CLANG_WARN_SUSPICIOUS_MOVE = YES;
				CLANG_WARN_UNGUARDED_AVAILABILITY = YES_AGGRESSIVE;
				CLANG_WARN_UNREACHABLE_CODE = YES;
				CLANG_WARN__DUPLICATE_METHOD_MATCH = YES;
				COPY_PHASE_STRIP = NO;
				DEBUG_INFORMATION_FORMAT = dwarf;
				ENABLE_STRICT_OBJC_MSGSEND = YES;
				ENABLE_TESTABILITY = YES;
				GCC_C_LANGUAGE_STANDARD = gnu11;
				GCC_DYNAMIC_NO_PIC = NO;
				GCC_NO_COMMON_BLOCKS = YES;
				GCC_OPTIMIZATION_LEVEL = 0;
				GCC_PREPROCESSOR_DEFINITIONS = (
					"DEBUG=1",
					"$(inherited)",
				);
				GCC_WARN_64_TO_32_BIT_CONVERSION = YES;
				GCC_WARN_ABOUT_RETURN_TYPE = YES_ERROR;
				GCC_WARN_UNDECLARED_SELECTOR = YES;
				GCC_WARN_UNINITIALIZED_AUTOS = YES_AGGRESSIVE;
				GCC_WARN_UNUSED_FUNCTION = YES;
				GCC_WARN_UNUSED_VARIABLE = YES;
				IPHONEOS_DEPLOYMENT_TARGET = 16.4;
				MTL_ENABLE_DEBUG_INFO = INCLUDE_SOURCE;
				MTL_FAST_MATH = YES;
				ONLY_ACTIVE_ARCH = YES;
				SDKROOT = iphoneos;
				SWIFT_ACTIVE_COMPILATION_CONDITIONS = DEBUG;
				SWIFT_OPTIMIZATION_LEVEL = "-Onone";
			};
			name = Debug;
		};
		C502FA022CCDAF6E006F9D1B /* Release */ = {
			isa = XCBuildConfiguration;
			buildSettings = {
				ALWAYS_SEARCH_USER_PATHS = NO;
				CLANG_ANALYZER_NONNULL = YES;
				CLANG_ANALYZER_NUMBER_OBJECT_CONVERSION = YES_AGGRESSIVE;
				CLANG_CXX_LANGUAGE_STANDARD = "gnu++20";
				CLANG_ENABLE_MODULES = YES;
				CLANG_ENABLE_OBJC_ARC = YES;
				CLANG_ENABLE_OBJC_WEAK = YES;
				CLANG_WARN_BLOCK_CAPTURE_AUTORELEASING = YES;
				CLANG_WARN_BOOL_CONVERSION = YES;
				CLANG_WARN_COMMA = YES;
				CLANG_WARN_CONSTANT_CONVERSION = YES;
				CLANG_WARN_DEPRECATED_OBJC_IMPLEMENTATIONS = YES;
				CLANG_WARN_DIRECT_OBJC_ISA_USAGE = YES_ERROR;
				CLANG_WARN_DOCUMENTATION_COMMENTS = YES;
				CLANG_WARN_EMPTY_BODY = YES;
				CLANG_WARN_ENUM_CONVERSION = YES;
				CLANG_WARN_INFINITE_RECURSION = YES;
				CLANG_WARN_INT_CONVERSION = YES;
				CLANG_WARN_NON_LITERAL_NULL_CONVERSION = YES;
				CLANG_WARN_OBJC_IMPLICIT_RETAIN_SELF = YES;
				CLANG_WARN_OBJC_LITERAL_CONVERSION = YES;
				CLANG_WARN_OBJC_ROOT_CLASS = YES_ERROR;
				CLANG_WARN_QUOTED_INCLUDE_IN_FRAMEWORK_HEADER = YES;
				CLANG_WARN_RANGE_LOOP_ANALYSIS = YES;
				CLANG_WARN_STRICT_PROTOTYPES = YES;
				CLANG_WARN_SUSPICIOUS_MOVE = YES;
				CLANG_WARN_UNGUARDED_AVAILABILITY = YES_AGGRESSIVE;
				CLANG_WARN_UNREACHABLE_CODE = YES;
				CLANG_WARN__DUPLICATE_METHOD_MATCH = YES;
				COPY_PHASE_STRIP = NO;
				DEBUG_INFORMATION_FORMAT = "dwarf-with-dsym";
				ENABLE_NS_ASSERTIONS = NO;
				ENABLE_STRICT_OBJC_MSGSEND = YES;
				GCC_C_LANGUAGE_STANDARD = gnu11;
				GCC_NO_COMMON_BLOCKS = YES;
				GCC_WARN_64_TO_32_BIT_CONVERSION = YES;
				GCC_WARN_ABOUT_RETURN_TYPE = YES_ERROR;
				GCC_WARN_UNDECLARED_SELECTOR = YES;
				GCC_WARN_UNINITIALIZED_AUTOS = YES_AGGRESSIVE;
				GCC_WARN_UNUSED_FUNCTION = YES;
				GCC_WARN_UNUSED_VARIABLE = YES;
				IPHONEOS_DEPLOYMENT_TARGET = 16.4;
				MTL_ENABLE_DEBUG_INFO = NO;
				MTL_FAST_MATH = YES;
				SDKROOT = iphoneos;
				SWIFT_COMPILATION_MODE = wholemodule;
				SWIFT_OPTIMIZATION_LEVEL = "-O";
				VALIDATE_PRODUCT = YES;
			};
			name = Release;
		};
		C502FA042CCDAF6E006F9D1B /* Debug */ = {
			isa = XCBuildConfiguration;
			buildSettings = {
				ASSETCATALOG_COMPILER_APPICON_NAME = AppIcon;
				ASSETCATALOG_COMPILER_GLOBAL_ACCENT_COLOR_NAME = AccentColor;
				CODE_SIGN_STYLE = Automatic;
				CURRENT_PROJECT_VERSION = 1;
				DEVELOPMENT_ASSET_PATHS = "\"Fitness Trainer App/Preview Content\"";
				DEVELOPMENT_TEAM = NHFF82TKTT;
				ENABLE_PREVIEWS = YES;
				GENERATE_INFOPLIST_FILE = YES;
				INFOPLIST_KEY_NSCameraUsageDescription = "We need access to your camera for live video feed in the fitness trainer app.";
				INFOPLIST_KEY_UIApplicationSceneManifest_Generation = YES;
				INFOPLIST_KEY_UIApplicationSupportsIndirectInputEvents = YES;
				INFOPLIST_KEY_UILaunchScreen_Generation = YES;
				INFOPLIST_KEY_UISupportedInterfaceOrientations_iPad = "UIInterfaceOrientationPortrait UIInterfaceOrientationPortraitUpsideDown UIInterfaceOrientationLandscapeLeft UIInterfaceOrientationLandscapeRight";
				INFOPLIST_KEY_UISupportedInterfaceOrientations_iPhone = "UIInterfaceOrientationPortrait UIInterfaceOrientationLandscapeLeft UIInterfaceOrientationLandscapeRight";
				LD_RUNPATH_SEARCH_PATHS = (
					"$(inherited)",
					"@executable_path/Frameworks",
				);
				MARKETING_VERSION = 1.0;
				PRODUCT_BUNDLE_IDENTIFIER = "Personal.Fitness-Trainer-App";
				PRODUCT_NAME = "$(TARGET_NAME)";
				SWIFT_EMIT_LOC_STRINGS = YES;
				SWIFT_VERSION = 5.0;
				TARGETED_DEVICE_FAMILY = "1,2";
			};
			name = Debug;
		};
		C502FA052CCDAF6E006F9D1B /* Release */ = {
			isa = XCBuildConfiguration;
			buildSettings = {
				ASSETCATALOG_COMPILER_APPICON_NAME = AppIcon;
				ASSETCATALOG_COMPILER_GLOBAL_ACCENT_COLOR_NAME = AccentColor;
				CODE_SIGN_STYLE = Automatic;
				CURRENT_PROJECT_VERSION = 1;
				DEVELOPMENT_ASSET_PATHS = "\"Fitness Trainer App/Preview Content\"";
				DEVELOPMENT_TEAM = NHFF82TKTT;
				ENABLE_PREVIEWS = YES;
				GENERATE_INFOPLIST_FILE = YES;
				INFOPLIST_KEY_NSCameraUsageDescription = "We need access to your camera for live video feed in the fitness trainer app.";
				INFOPLIST_KEY_UIApplicationSceneManifest_Generation = YES;
				INFOPLIST_KEY_UIApplicationSupportsIndirectInputEvents = YES;
				INFOPLIST_KEY_UILaunchScreen_Generation = YES;
				INFOPLIST_KEY_UISupportedInterfaceOrientations_iPad = "UIInterfaceOrientationPortrait UIInterfaceOrientationPortraitUpsideDown UIInterfaceOrientationLandscapeLeft UIInterfaceOrientationLandscapeRight";
				INFOPLIST_KEY_UISupportedInterfaceOrientations_iPhone = "UIInterfaceOrientationPortrait UIInterfaceOrientationLandscapeLeft UIInterfaceOrientationLandscapeRight";
				LD_RUNPATH_SEARCH_PATHS = (
					"$(inherited)",
					"@executable_path/Frameworks",
				);
				MARKETING_VERSION = 1.0;
				PRODUCT_BUNDLE_IDENTIFIER = "Personal.Fitness-Trainer-App";
				PRODUCT_NAME = "$(TARGET_NAME)";
				SWIFT_EMIT_LOC_STRINGS = YES;
				SWIFT_VERSION = 5.0;
				TARGETED_DEVICE_FAMILY = "1,2";
			};
			name = Release;
		};
/* End XCBuildConfiguration section */

/* Begin XCConfigurationList section */
		C502F9F02CCDAF6D006F9D1B /* Build configuration list for PBXProject "Fitness Trainer App" */ = {
			isa = XCConfigurationList;
			buildConfigurations = (
				C502FA012CCDAF6E006F9D1B /* Debug */,
				C502FA022CCDAF6E006F9D1B /* Release */,
			);
			defaultConfigurationIsVisible = 0;
			defaultConfigurationName = Release;
		};
		C502FA032CCDAF6E006F9D1B /* Build configuration list for PBXNativeTarget "Fitness Trainer App" */ = {
			isa = XCConfigurationList;
			buildConfigurations = (
				C502FA042CCDAF6E006F9D1B /* Debug */,
				C502FA052CCDAF6E006F9D1B /* Release */,
			);
			defaultConfigurationIsVisible = 0;
			defaultConfigurationName = Release;
		};
/* End XCConfigurationList section */
	};
	rootObject = C502F9ED2CCDAF6D006F9D1B /* Project object */;
}
